
Microsoft Visual Studio Solution File, Format Version 12.00
# Visual Studio Version 17
VisualStudioVersion = 17.14.37111.16 d17.14
MinimumVisualStudioVersion = 10.0.40219.1
Project("{FAE04EC0-301F-11D3-BF4B-00C04F79EFBC}") = "LayeredArchitecture-Task1-Cart-Service.API", "LayeredArchitecture-Task1-Cart-Service\LayeredArchitecture-Task1-Cart-Service.API.csproj", "{35FF3A9C-0DB7-40F4-9C84-B29FA747C63F}"
EndProject
Project("{FAE04EC0-301F-11D3-BF4B-00C04F79EFBC}") = "LayeredArchitecture-Task1-Cart-Service.Business", "LayeredArchitecture-Task1-Cart-Service.Business\LayeredArchitecture-Task1-Cart-Service.Business.csproj", "{88DD08B3-C699-41A0-8FC3-6CA0F9522AFD}"
EndProject
Project("{FAE04EC0-301F-11D3-BF4B-00C04F79EFBC}") = "LayeredArchitecture-Task1-Cart-Service.Dtos", "LayeredArchitecture-Task1-Cart-Service.Dtos\LayeredArchitecture-Task1-Cart-Service.Dtos.csproj", "{220FEAF0-178D-4168-967F-CD1AF6504ACE}"
EndProject
Project("{FAE04EC0-301F-11D3-BF4B-00C04F79EFBC}") = "LayeredArchitecture-Task1-Cart-Service.Repository", "LayeredArchitecture-Task1-Cart-Service.Repository\LayeredArchitecture-Task1-Cart-Service.Repository.csproj", "{1AD45441-5E07-4B77-954F-C96D2C5266F7}"
EndProject
Global
	GlobalSection(SolutionConfigurationPlatforms) = preSolution
		Debug|Any CPU = Debug|Any CPU
		Release|Any CPU = Release|Any CPU
	EndGlobalSection
	GlobalSection(ProjectConfigurationPlatforms) = postSolution
		{35FF3A9C-0DB7-40F4-9C84-B29FA747C63F}.Debug|Any CPU.ActiveCfg = Debug|Any CPU
		{35FF3A9C-0DB7-40F4-9C84-B29FA747C63F}.Debug|Any CPU.Build.0 = Debug|Any CPU
		{35FF3A9C-0DB7-40F4-9C84-B29FA747C63F}.Release|Any CPU.ActiveCfg = Release|Any CPU
		{35FF3A9C-0DB7-40F4-9C84-B29FA747C63F}.Release|Any CPU.Build.0 = Release|Any CPU
		{88DD08B3-C699-41A0-8FC3-6CA0F9522AFD}.Debug|Any CPU.ActiveCfg = Debug|Any CPU
		{88DD08B3-C699-41A0-8FC3-6CA0F9522AFD}.Debug|Any CPU.Build.0 = Debug|Any CPU
		{88DD08B3-C699-41A0-8FC3-6CA0F9522AFD}.Release|Any CPU.ActiveCfg = Release|Any CPU
		{88DD08B3-C699-41A0-8FC3-6CA0F9522AFD}.Release|Any CPU.Build.0 = Release|Any CPU
		{220FEAF0-178D-4168-967F-CD1AF6504ACE}.Debug|Any CPU.ActiveCfg = Debug|Any CPU
		{220FEAF0-178D-4168-967F-CD1AF6504ACE}.Debug|Any CPU.Build.0 = Debug|Any CPU
		{220FEAF0-178D-4168-967F-CD1AF6504ACE}.Release|Any CPU.ActiveCfg = Release|Any CPU
		{220FEAF0-178D-4168-967F-CD1AF6504ACE}.Release|Any CPU.Build.0 = Release|Any CPU
		{1AD45441-5E07-4B77-954F-C96D2C5266F7}.Debug|Any CPU.ActiveCfg = Debug|Any CPU
		{1AD45441-5E07-4B77-954F-C96D2C5266F7}.Debug|Any CPU.Build.0 = Debug|Any CPU
		{1AD45441-5E07-4B77-954F-C96D2C5266F7}.Release|Any CPU.ActiveCfg = Release|Any CPU
		{1AD45441-5E07-4B77-954F-C96D2C5266F7}.Release|Any CPU.Build.0 = Release|Any CPU
	EndGlobalSection
	GlobalSection(SolutionProperties) = preSolution
		HideSolutionNode = FALSE
	EndGlobalSection
	GlobalSection(ExtensibilityGlobals) = postSolution
		SolutionGuid = {F890140C-8E6B-46CD-9D77-63B1E16B4520}
	EndGlobalSection
EndGlobal
